
Microsoft Visual Studio Solution File, Format Version 12.00
# Visual Studio 15
VisualStudioVersion = 15.0.28307.757
MinimumVisualStudioVersion = 10.0.40219.1
Project("{E24C65DC-7377-472B-9ABA-BC803B73C61A}") = "Fruver", "Fruver\", "{572027AF-E6A4-43F7-98DB-F3A8EC46FBDE}"
	ProjectSection(WebsiteProperties) = preProject
		TargetFrameworkMoniker = ".NETFramework,Version%3Dv4.6.1"
		Debug.AspNetCompiler.VirtualPath = "/localhost_50957"
		Debug.AspNetCompiler.PhysicalPath = "Fruver\"
		Debug.AspNetCompiler.TargetPath = "PrecompiledWeb\localhost_50957\"
		Debug.AspNetCompiler.Updateable = "true"
		Debug.AspNetCompiler.ForceOverwrite = "true"
		Debug.AspNetCompiler.FixedNames = "false"
		Debug.AspNetCompiler.Debug = "True"
		Release.AspNetCompiler.VirtualPath = "/localhost_50957"
		Release.AspNetCompiler.PhysicalPath = "Fruver\"
		Release.AspNetCompiler.TargetPath = "PrecompiledWeb\localhost_50957\"
		Release.AspNetCompiler.Updateable = "true"
		Release.AspNetCompiler.ForceOverwrite = "true"
		Release.AspNetCompiler.FixedNames = "false"
		Release.AspNetCompiler.Debug = "False"
		VWDPort = "50957"
		SlnRelativePath = "Fruver\"
		DefaultWebSiteLanguage = "Visual Basic"
	EndProjectSection
EndProject
Global
	GlobalSection(SolutionConfigurationPlatforms) = preSolution
		Debug|Any CPU = Debug|Any CPU
	EndGlobalSection
	GlobalSection(ProjectConfigurationPlatforms) = postSolution
		{572027AF-E6A4-43F7-98DB-F3A8EC46FBDE}.Debug|Any CPU.ActiveCfg = Debug|Any CPU
		{572027AF-E6A4-43F7-98DB-F3A8EC46FBDE}.Debug|Any CPU.Build.0 = Debug|Any CPU
	EndGlobalSection
	GlobalSection(SolutionProperties) = preSolution
		HideSolutionNode = FALSE
	EndGlobalSection
	GlobalSection(ExtensibilityGlobals) = postSolution
		SolutionGuid = {6AF945F9-24DD-4EAC-825F-ED04390EB363}
	EndGlobalSection
EndGlobal
